
Microsoft Visual Studio Solution File, Format Version 12.00
# Visual Studio 2017
Project("{FAE04EC0-301F-11D3-BF4B-00C04F79EFBC}") = "ColorRings", "ColorRings.csproj", "{484F058D-F1B3-6DAC-3CD1-CEEA6BB4F084}"
EndProject
Project("{FAE04EC0-301F-11D3-BF4B-00C04F79EFBC}") = "ColorRings.Plugins", "ColorRings.Plugins.csproj", "{566C4C40-2B12-757C-AEA5-AF4B57D94A93}"
EndProject
Project("{FAE04EC0-301F-11D3-BF4B-00C04F79EFBC}") = "ColorRings.Editor", "ColorRings.Editor.csproj", "{A21B8566-DA0D-3398-9368-F8EDB3DB83FE}"
EndProject
Project("{FAE04EC0-301F-11D3-BF4B-00C04F79EFBC}") = "ColorRings.Editor.Plugins", "ColorRings.Editor.Plugins.csproj", "{B1BFF9FC-750F-678B-AC10-8022FBF3B55F}"
EndProject
Global
	GlobalSection(SolutionConfigurationPlatforms) = preSolution
		Debug|Any CPU = Debug|Any CPU
		Release|Any CPU = Release|Any CPU
	EndGlobalSection
	GlobalSection(ProjectConfigurationPlatforms) = postSolution
		{484F058D-F1B3-6DAC-3CD1-CEEA6BB4F084}.Debug|Any CPU.ActiveCfg = Debug|Any CPU
		{484F058D-F1B3-6DAC-3CD1-CEEA6BB4F084}.Debug|Any CPU.Build.0 = Debug|Any CPU
		{484F058D-F1B3-6DAC-3CD1-CEEA6BB4F084}.Release|Any CPU.ActiveCfg = Release|Any CPU
		{484F058D-F1B3-6DAC-3CD1-CEEA6BB4F084}.Release|Any CPU.Build.0 = Release|Any CPU
		{566C4C40-2B12-757C-AEA5-AF4B57D94A93}.Debug|Any CPU.ActiveCfg = Debug|Any CPU
		{566C4C40-2B12-757C-AEA5-AF4B57D94A93}.Debug|Any CPU.Build.0 = Debug|Any CPU
		{566C4C40-2B12-757C-AEA5-AF4B57D94A93}.Release|Any CPU.ActiveCfg = Release|Any CPU
		{566C4C40-2B12-757C-AEA5-AF4B57D94A93}.Release|Any CPU.Build.0 = Release|Any CPU
		{A21B8566-DA0D-3398-9368-F8EDB3DB83FE}.Debug|Any CPU.ActiveCfg = Debug|Any CPU
		{A21B8566-DA0D-3398-9368-F8EDB3DB83FE}.Debug|Any CPU.Build.0 = Debug|Any CPU
		{A21B8566-DA0D-3398-9368-F8EDB3DB83FE}.Release|Any CPU.ActiveCfg = Release|Any CPU
		{A21B8566-DA0D-3398-9368-F8EDB3DB83FE}.Release|Any CPU.Build.0 = Release|Any CPU
		{B1BFF9FC-750F-678B-AC10-8022FBF3B55F}.Debug|Any CPU.ActiveCfg = Debug|Any CPU
		{B1BFF9FC-750F-678B-AC10-8022FBF3B55F}.Debug|Any CPU.Build.0 = Debug|Any CPU
		{B1BFF9FC-750F-678B-AC10-8022FBF3B55F}.Release|Any CPU.ActiveCfg = Release|Any CPU
		{B1BFF9FC-750F-678B-AC10-8022FBF3B55F}.Release|Any CPU.Build.0 = Release|Any CPU
	EndGlobalSection
	GlobalSection(SolutionProperties) = preSolution
		HideSolutionNode = FALSE
	EndGlobalSection
EndGlobal
